
Microsoft Visual Studio Solution File, Format Version 12.00
# Visual Studio Version 16
VisualStudioVersion = 16.0.32901.82
MinimumVisualStudioVersion = 10.0.40219.1
Project("{2150E333-8FDC-42A3-9474-1A3956D46DE8}") = "Solution Items", "Solution Items", "{CD9B69ED-8465-4917-814D-CAAFD0A03286}"
	ProjectSection(SolutionItems) = preProject
		.gitignore = .gitignore
		README.md = README.md
		error-image\README.md = error-image\README.md
	EndProjectSection
EndProject
Project("{8BC9CEB8-8B4A-11D0-8D11-00A0C91BC942}") = "02-CPP-RA-SimpleModel", "rasterization\02-CPP-RA-SimpleModel\02-CPP-RA-SimpleModel.vcxproj", "{18D637B5-3101-40E7-A9A7-2FA9DD1A1905}"
EndProject
Project("{8BC9CEB8-8B4A-11D0-8D11-00A0C91BC942}") = "03-CPP-RA-Camera", "rasterization\03-CPP-RA-Camera\03-CPP-RA-Camera.vcxproj", "{91BFBDCB-BD57-4578-81DF-947379D2B881}"
EndProject
Project("{8BC9CEB8-8B4A-11D0-8D11-00A0C91BC942}") = "04-CPP-RA-GouradShading", "rasterization\04-CPP-RA-GouradShading\04-CPP-RA-GouradShading.vcxproj", "{1C29F2CA-9C9E-44E2-B0D2-04C041951AF9}"
EndProject
Project("{8BC9CEB8-8B4A-11D0-8D11-00A0C91BC942}") = "05-CPP-RA-PhongShading", "rasterization\05-CPP-RA-PhongShading\05-CPP-RA-PhongShading.vcxproj", "{73ED67F6-3DCD-487B-9A39-CCE7AB711330}"
EndProject
Project("{8BC9CEB8-8B4A-11D0-8D11-00A0C91BC942}") = "06-CPP-RA-Texture", "rasterization\06-CPP-RA-Texture\06-CPP-RA-Texture.vcxproj", "{921A80EB-2036-4FEB-A2B6-FB597741ECBD}"
EndProject
Project("{8BC9CEB8-8B4A-11D0-8D11-00A0C91BC942}") = "07-CPP-RA-Light", "rasterization\07-CPP-RA-Light\07-CPP-RA-Light.vcxproj", "{14286D57-7B8F-4C76-8ADA-AEC05E198A45}"
EndProject
Project("{8BC9CEB8-8B4A-11D0-8D11-00A0C91BC942}") = "08-CPP-RA-Shadow", "rasterization\08-CPP-RA-Shadow\08-CPP-RA-Shadow.vcxproj", "{940C9FD0-5A46-47A3-9D02-0A9FFC185035}"
EndProject
Project("{8BC9CEB8-8B4A-11D0-8D11-00A0C91BC942}") = "01-CPP-RA-Triangle", "rasterization\01-CPP-RA-Triangle\01-CPP-RA-Triangle.vcxproj", "{11102762-4D1A-4D13-BAF8-D99B2A3E3C24}"
EndProject
Project("{8BC9CEB8-8B4A-11D0-8D11-00A0C91BC942}") = "01-CPP-RT-Sphere", "raytracing\01-CPP-RT-Sphere\01-CPP-RT-Sphere.vcxproj", "{A6CB9EEB-2806-4900-A7D2-EB0471E7ED25}"
EndProject
Project("{8BC9CEB8-8B4A-11D0-8D11-00A0C91BC942}") = "02-CPP-RT-Normal", "raytracing\02-CPP-RT-Normal\02-CPP-RT-Normal.vcxproj", "{20D32654-A7B9-4A95-9CAB-69AC7D75130A}"
EndProject
Project("{8BC9CEB8-8B4A-11D0-8D11-00A0C91BC942}") = "03-CPP-RT-Diffuse", "raytracing\03-CPP-RT-Diffuse\03-CPP-RT-Diffuse.vcxproj", "{11649430-780D-4923-B447-A36636A2A3C4}"
EndProject
Project("{8BC9CEB8-8B4A-11D0-8D11-00A0C91BC942}") = "04-CPP-RT-Metal", "raytracing\04-CPP-RT-Metal\04-CPP-RT-Metal.vcxproj", "{3430E4D5-5528-42AE-B64D-06DE67847804}"
EndProject
Project("{8BC9CEB8-8B4A-11D0-8D11-00A0C91BC942}") = "05-CPP-RT-Dielectrics", "raytracing\05-CPP-RT-Dielectrics\05-CPP-RT-Dielectrics.vcxproj", "{54407B7F-40B1-4E46-84D3-982C049D37AE}"
EndProject
Project("{8BC9CEB8-8B4A-11D0-8D11-00A0C91BC942}") = "06-CPP-RT-Camera", "raytracing\06-CPP-RT-Camera\06-CPP-RT-Camera.vcxproj", "{D2B2E3C2-CEBB-42D3-B364-B86C0F6BB501}"
EndProject
Project("{8BC9CEB8-8B4A-11D0-8D11-00A0C91BC942}") = "07-CPP-RT-Texture", "raytracing\07-CPP-RT-Texture\07-CPP-RT-Texture.vcxproj", "{7F233520-E2EE-4E55-AF87-1399B04A4E1D}"
EndProject
Project("{8BC9CEB8-8B4A-11D0-8D11-00A0C91BC942}") = "08-CPP-RT-Noise", "raytracing\08-CPP-RT-Noise\08-CPP-RT-Noise.vcxproj", "{736F9392-5F74-429E-A17F-6864D6538BA1}"
EndProject
Project("{8BC9CEB8-8B4A-11D0-8D11-00A0C91BC942}") = "09-CPP-RT-Image", "raytracing\09-CPP-RT-Image\09-CPP-RT-Image.vcxproj", "{A70E61AC-CFCF-4FF1-855C-F363309250BD}"
EndProject
Project("{8BC9CEB8-8B4A-11D0-8D11-00A0C91BC942}") = "10-CPP-RT-Light", "raytracing\10-CPP-RT-Light\10-CPP-RT-Light.vcxproj", "{44C7E5FE-EC7E-41FD-9659-EE1A8C5601AB}"
EndProject
Project("{8BC9CEB8-8B4A-11D0-8D11-00A0C91BC942}") = "11-CPP-RT-CornellBox", "raytracing\11-CPP-RT-CornellBox\11-CPP-RT-CornellBox.vcxproj", "{D7473EEA-3341-4134-8F92-E53AA8503F34}"
EndProject
Project("{8BC9CEB8-8B4A-11D0-8D11-00A0C91BC942}") = "01-OGL-RA-Triangle", "rasterization\01-OGL-RA-Triangle\01-OGL-RA-Triangle.vcxproj", "{A8370756-D7C7-409E-922E-64DB64E35AE9}"
EndProject
Global
	GlobalSection(SolutionConfigurationPlatforms) = preSolution
		Debug|x64 = Debug|x64
		Debug|x86 = Debug|x86
		Release|x64 = Release|x64
		Release|x86 = Release|x86
	EndGlobalSection
	GlobalSection(ProjectConfigurationPlatforms) = postSolution
		{18D637B5-3101-40E7-A9A7-2FA9DD1A1905}.Debug|x64.ActiveCfg = Debug|x64
		{18D637B5-3101-40E7-A9A7-2FA9DD1A1905}.Debug|x64.Build.0 = Debug|x64
		{18D637B5-3101-40E7-A9A7-2FA9DD1A1905}.Debug|x86.ActiveCfg = Debug|Win32
		{18D637B5-3101-40E7-A9A7-2FA9DD1A1905}.Debug|x86.Build.0 = Debug|Win32
		{18D637B5-3101-40E7-A9A7-2FA9DD1A1905}.Release|x64.ActiveCfg = Release|x64
		{18D637B5-3101-40E7-A9A7-2FA9DD1A1905}.Release|x64.Build.0 = Release|x64
		{18D637B5-3101-40E7-A9A7-2FA9DD1A1905}.Release|x86.ActiveCfg = Release|Win32
		{18D637B5-3101-40E7-A9A7-2FA9DD1A1905}.Release|x86.Build.0 = Release|Win32
		{91BFBDCB-BD57-4578-81DF-947379D2B881}.Debug|x64.ActiveCfg = Debug|x64
		{91BFBDCB-BD57-4578-81DF-947379D2B881}.Debug|x64.Build.0 = Debug|x64
		{91BFBDCB-BD57-4578-81DF-947379D2B881}.Debug|x86.ActiveCfg = Debug|Win32
		{91BFBDCB-BD57-4578-81DF-947379D2B881}.Debug|x86.Build.0 = Debug|Win32
		{91BFBDCB-BD57-4578-81DF-947379D2B881}.Release|x64.ActiveCfg = Release|x64
		{91BFBDCB-BD57-4578-81DF-947379D2B881}.Release|x64.Build.0 = Release|x64
		{91BFBDCB-BD57-4578-81DF-947379D2B881}.Release|x86.ActiveCfg = Release|Win32
		{91BFBDCB-BD57-4578-81DF-947379D2B881}.Release|x86.Build.0 = Release|Win32
		{1C29F2CA-9C9E-44E2-B0D2-04C041951AF9}.Debug|x64.ActiveCfg = Debug|x64
		{1C29F2CA-9C9E-44E2-B0D2-04C041951AF9}.Debug|x64.Build.0 = Debug|x64
		{1C29F2CA-9C9E-44E2-B0D2-04C041951AF9}.Debug|x86.ActiveCfg = Debug|Win32
		{1C29F2CA-9C9E-44E2-B0D2-04C041951AF9}.Debug|x86.Build.0 = Debug|Win32
		{1C29F2CA-9C9E-44E2-B0D2-04C041951AF9}.Release|x64.ActiveCfg = Release|x64
		{1C29F2CA-9C9E-44E2-B0D2-04C041951AF9}.Release|x64.Build.0 = Release|x64
		{1C29F2CA-9C9E-44E2-B0D2-04C041951AF9}.Release|x86.ActiveCfg = Release|Win32
		{1C29F2CA-9C9E-44E2-B0D2-04C041951AF9}.Release|x86.Build.0 = Release|Win32
		{73ED67F6-3DCD-487B-9A39-CCE7AB711330}.Debug|x64.ActiveCfg = Debug|x64
		{73ED67F6-3DCD-487B-9A39-CCE7AB711330}.Debug|x64.Build.0 = Debug|x64
		{73ED67F6-3DCD-487B-9A39-CCE7AB711330}.Debug|x86.ActiveCfg = Debug|Win32
		{73ED67F6-3DCD-487B-9A39-CCE7AB711330}.Debug|x86.Build.0 = Debug|Win32
		{73ED67F6-3DCD-487B-9A39-CCE7AB711330}.Release|x64.ActiveCfg = Release|x64
		{73ED67F6-3DCD-487B-9A39-CCE7AB711330}.Release|x64.Build.0 = Release|x64
		{73ED67F6-3DCD-487B-9A39-CCE7AB711330}.Release|x86.ActiveCfg = Release|Win32
		{73ED67F6-3DCD-487B-9A39-CCE7AB711330}.Release|x86.Build.0 = Release|Win32
		{921A80EB-2036-4FEB-A2B6-FB597741ECBD}.Debug|x64.ActiveCfg = Debug|x64
		{921A80EB-2036-4FEB-A2B6-FB597741ECBD}.Debug|x64.Build.0 = Debug|x64
		{921A80EB-2036-4FEB-A2B6-FB597741ECBD}.Debug|x86.ActiveCfg = Debug|Win32
		{921A80EB-2036-4FEB-A2B6-FB597741ECBD}.Debug|x86.Build.0 = Debug|Win32
		{921A80EB-2036-4FEB-A2B6-FB597741ECBD}.Release|x64.ActiveCfg = Release|x64
		{921A80EB-2036-4FEB-A2B6-FB597741ECBD}.Release|x64.Build.0 = Release|x64
		{921A80EB-2036-4FEB-A2B6-FB597741ECBD}.Release|x86.ActiveCfg = Release|Win32
		{921A80EB-2036-4FEB-A2B6-FB597741ECBD}.Release|x86.Build.0 = Release|Win32
		{14286D57-7B8F-4C76-8ADA-AEC05E198A45}.Debug|x64.ActiveCfg = Debug|x64
		{14286D57-7B8F-4C76-8ADA-AEC05E198A45}.Debug|x64.Build.0 = Debug|x64
		{14286D57-7B8F-4C76-8ADA-AEC05E198A45}.Debug|x86.ActiveCfg = Debug|Win32
		{14286D57-7B8F-4C76-8ADA-AEC05E198A45}.Debug|x86.Build.0 = Debug|Win32
		{14286D57-7B8F-4C76-8ADA-AEC05E198A45}.Release|x64.ActiveCfg = Release|x64
		{14286D57-7B8F-4C76-8ADA-AEC05E198A45}.Release|x64.Build.0 = Release|x64
		{14286D57-7B8F-4C76-8ADA-AEC05E198A45}.Release|x86.ActiveCfg = Release|Win32
		{14286D57-7B8F-4C76-8ADA-AEC05E198A45}.Release|x86.Build.0 = Release|Win32
		{940C9FD0-5A46-47A3-9D02-0A9FFC185035}.Debug|x64.ActiveCfg = Debug|x64
		{940C9FD0-5A46-47A3-9D02-0A9FFC185035}.Debug|x64.Build.0 = Debug|x64
		{940C9FD0-5A46-47A3-9D02-0A9FFC185035}.Debug|x86.ActiveCfg = Debug|Win32
		{940C9FD0-5A46-47A3-9D02-0A9FFC185035}.Debug|x86.Build.0 = Debug|Win32
		{940C9FD0-5A46-47A3-9D02-0A9FFC185035}.Release|x64.ActiveCfg = Release|x64
		{940C9FD0-5A46-47A3-9D02-0A9FFC185035}.Release|x64.Build.0 = Release|x64
		{940C9FD0-5A46-47A3-9D02-0A9FFC185035}.Release|x86.ActiveCfg = Release|Win32
		{940C9FD0-5A46-47A3-9D02-0A9FFC185035}.Release|x86.Build.0 = Release|Win32
		{11102762-4D1A-4D13-BAF8-D99B2A3E3C24}.Debug|x64.ActiveCfg = Debug|x64
		{11102762-4D1A-4D13-BAF8-D99B2A3E3C24}.Debug|x64.Build.0 = Debug|x64
		{11102762-4D1A-4D13-BAF8-D99B2A3E3C24}.Debug|x86.ActiveCfg = Debug|Win32
		{11102762-4D1A-4D13-BAF8-D99B2A3E3C24}.Debug|x86.Build.0 = Debug|Win32
		{11102762-4D1A-4D13-BAF8-D99B2A3E3C24}.Release|x64.ActiveCfg = Release|x64
		{11102762-4D1A-4D13-BAF8-D99B2A3E3C24}.Release|x64.Build.0 = Release|x64
		{11102762-4D1A-4D13-BAF8-D99B2A3E3C24}.Release|x86.ActiveCfg = Release|Win32
		{11102762-4D1A-4D13-BAF8-D99B2A3E3C24}.Release|x86.Build.0 = Release|Win32
		{A6CB9EEB-2806-4900-A7D2-EB0471E7ED25}.Debug|x64.ActiveCfg = Debug|x64
		{A6CB9EEB-2806-4900-A7D2-EB0471E7ED25}.Debug|x64.Build.0 = Debug|x64
		{A6CB9EEB-2806-4900-A7D2-EB0471E7ED25}.Debug|x86.ActiveCfg = Debug|Win32
		{A6CB9EEB-2806-4900-A7D2-EB0471E7ED25}.Debug|x86.Build.0 = Debug|Win32
		{A6CB9EEB-2806-4900-A7D2-EB0471E7ED25}.Release|x64.ActiveCfg = Release|x64
		{A6CB9EEB-2806-4900-A7D2-EB0471E7ED25}.Release|x64.Build.0 = Release|x64
		{A6CB9EEB-2806-4900-A7D2-EB0471E7ED25}.Release|x86.ActiveCfg = Release|Win32
		{A6CB9EEB-2806-4900-A7D2-EB0471E7ED25}.Release|x86.Build.0 = Release|Win32
		{20D32654-A7B9-4A95-9CAB-69AC7D75130A}.Debug|x64.ActiveCfg = Debug|x64
		{20D32654-A7B9-4A95-9CAB-69AC7D75130A}.Debug|x64.Build.0 = Debug|x64
		{20D32654-A7B9-4A95-9CAB-69AC7D75130A}.Debug|x86.ActiveCfg = Debug|Win32
		{20D32654-A7B9-4A95-9CAB-69AC7D75130A}.Debug|x86.Build.0 = Debug|Win32
		{20D32654-A7B9-4A95-9CAB-69AC7D75130A}.Release|x64.ActiveCfg = Release|x64
		{20D32654-A7B9-4A95-9CAB-69AC7D75130A}.Release|x64.Build.0 = Release|x64
		{20D32654-A7B9-4A95-9CAB-69AC7D75130A}.Release|x86.ActiveCfg = Release|Win32
		{20D32654-A7B9-4A95-9CAB-69AC7D75130A}.Release|x86.Build.0 = Release|Win32
		{11649430-780D-4923-B447-A36636A2A3C4}.Debug|x64.ActiveCfg = Debug|x64
		{11649430-780D-4923-B447-A36636A2A3C4}.Debug|x64.Build.0 = Debug|x64
		{11649430-780D-4923-B447-A36636A2A3C4}.Debug|x86.ActiveCfg = Debug|Win32
		{11649430-780D-4923-B447-A36636A2A3C4}.Debug|x86.Build.0 = Debug|Win32
		{11649430-780D-4923-B447-A36636A2A3C4}.Release|x64.ActiveCfg = Release|x64
		{11649430-780D-4923-B447-A36636A2A3C4}.Release|x64.Build.0 = Release|x64
		{11649430-780D-4923-B447-A36636A2A3C4}.Release|x86.ActiveCfg = Release|Win32
		{11649430-780D-4923-B447-A36636A2A3C4}.Release|x86.Build.0 = Release|Win32
		{3430E4D5-5528-42AE-B64D-06DE67847804}.Debug|x64.ActiveCfg = Debug|x64
		{3430E4D5-5528-42AE-B64D-06DE67847804}.Debug|x64.Build.0 = Debug|x64
		{3430E4D5-5528-42AE-B64D-06DE67847804}.Debug|x86.ActiveCfg = Debug|Win32
		{3430E4D5-5528-42AE-B64D-06DE67847804}.Debug|x86.Build.0 = Debug|Win32
		{3430E4D5-5528-42AE-B64D-06DE67847804}.Release|x64.ActiveCfg = Release|x64
		{3430E4D5-5528-42AE-B64D-06DE67847804}.Release|x64.Build.0 = Release|x64
		{3430E4D5-5528-42AE-B64D-06DE67847804}.Release|x86.ActiveCfg = Release|Win32
		{3430E4D5-5528-42AE-B64D-06DE67847804}.Release|x86.Build.0 = Release|Win32
		{54407B7F-40B1-4E46-84D3-982C049D37AE}.Debug|x64.ActiveCfg = Debug|x64
		{54407B7F-40B1-4E46-84D3-982C049D37AE}.Debug|x64.Build.0 = Debug|x64
		{54407B7F-40B1-4E46-84D3-982C049D37AE}.Debug|x86.ActiveCfg = Debug|Win32
		{54407B7F-40B1-4E46-84D3-982C049D37AE}.Debug|x86.Build.0 = Debug|Win32
		{54407B7F-40B1-4E46-84D3-982C049D37AE}.Release|x64.ActiveCfg = Release|x64
		{54407B7F-40B1-4E46-84D3-982C049D37AE}.Release|x64.Build.0 = Release|x64
		{54407B7F-40B1-4E46-84D3-982C049D37AE}.Release|x86.ActiveCfg = Release|Win32
		{54407B7F-40B1-4E46-84D3-982C049D37AE}.Release|x86.Build.0 = Release|Win32
		{D2B2E3C2-CEBB-42D3-B364-B86C0F6BB501}.Debug|x64.ActiveCfg = Debug|x64
		{D2B2E3C2-CEBB-42D3-B364-B86C0F6BB501}.Debug|x64.Build.0 = Debug|x64
		{D2B2E3C2-CEBB-42D3-B364-B86C0F6BB501}.Debug|x86.ActiveCfg = Debug|Win32
		{D2B2E3C2-CEBB-42D3-B364-B86C0F6BB501}.Debug|x86.Build.0 = Debug|Win32
		{D2B2E3C2-CEBB-42D3-B364-B86C0F6BB501}.Release|x64.ActiveCfg = Release|x64
		{D2B2E3C2-CEBB-42D3-B364-B86C0F6BB501}.Release|x64.Build.0 = Release|x64
		{D2B2E3C2-CEBB-42D3-B364-B86C0F6BB501}.Release|x86.ActiveCfg = Release|Win32
		{D2B2E3C2-CEBB-42D3-B364-B86C0F6BB501}.Release|x86.Build.0 = Release|Win32
		{7F233520-E2EE-4E55-AF87-1399B04A4E1D}.Debug|x64.ActiveCfg = Debug|x64
		{7F233520-E2EE-4E55-AF87-1399B04A4E1D}.Debug|x64.Build.0 = Debug|x64
		{7F233520-E2EE-4E55-AF87-1399B04A4E1D}.Debug|x86.ActiveCfg = Debug|Win32
		{7F233520-E2EE-4E55-AF87-1399B04A4E1D}.Debug|x86.Build.0 = Debug|Win32
		{7F233520-E2EE-4E55-AF87-1399B04A4E1D}.Release|x64.ActiveCfg = Release|x64
		{7F233520-E2EE-4E55-AF87-1399B04A4E1D}.Release|x64.Build.0 = Release|x64
		{7F233520-E2EE-4E55-AF87-1399B04A4E1D}.Release|x86.ActiveCfg = Release|Win32
		{7F233520-E2EE-4E55-AF87-1399B04A4E1D}.Release|x86.Build.0 = Release|Win32
		{736F9392-5F74-429E-A17F-6864D6538BA1}.Debug|x64.ActiveCfg = Debug|x64
		{736F9392-5F74-429E-A17F-6864D6538BA1}.Debug|x64.Build.0 = Debug|x64
		{736F9392-5F74-429E-A17F-6864D6538BA1}.Debug|x86.ActiveCfg = Debug|Win32
		{736F9392-5F74-429E-A17F-6864D6538BA1}.Debug|x86.Build.0 = Debug|Win32
		{736F9392-5F74-429E-A17F-6864D6538BA1}.Release|x64.ActiveCfg = Release|x64
		{736F9392-5F74-429E-A17F-6864D6538BA1}.Release|x64.Build.0 = Release|x64
		{736F9392-5F74-429E-A17F-6864D6538BA1}.Release|x86.ActiveCfg = Release|Win32
		{736F9392-5F74-429E-A17F-6864D6538BA1}.Release|x86.Build.0 = Release|Win32
		{A70E61AC-CFCF-4FF1-855C-F363309250BD}.Debug|x64.ActiveCfg = Debug|x64
		{A70E61AC-CFCF-4FF1-855C-F363309250BD}.Debug|x64.Build.0 = Debug|x64
		{A70E61AC-CFCF-4FF1-855C-F363309250BD}.Debug|x86.ActiveCfg = Debug|Win32
		{A70E61AC-CFCF-4FF1-855C-F363309250BD}.Debug|x86.Build.0 = Debug|Win32
		{A70E61AC-CFCF-4FF1-855C-F363309250BD}.Release|x64.ActiveCfg = Release|x64
		{A70E61AC-CFCF-4FF1-855C-F363309250BD}.Release|x64.Build.0 = Release|x64
		{A70E61AC-CFCF-4FF1-855C-F363309250BD}.Release|x86.ActiveCfg = Release|Win32
		{A70E61AC-CFCF-4FF1-855C-F363309250BD}.Release|x86.Build.0 = Release|Win32
		{44C7E5FE-EC7E-41FD-9659-EE1A8C5601AB}.Debug|x64.ActiveCfg = Debug|x64
		{44C7E5FE-EC7E-41FD-9659-EE1A8C5601AB}.Debug|x64.Build.0 = Debug|x64
		{44C7E5FE-EC7E-41FD-9659-EE1A8C5601AB}.Debug|x86.ActiveCfg = Debug|Win32
		{44C7E5FE-EC7E-41FD-9659-EE1A8C5601AB}.Debug|x86.Build.0 = Debug|Win32
		{44C7E5FE-EC7E-41FD-9659-EE1A8C5601AB}.Release|x64.ActiveCfg = Release|x64
		{44C7E5FE-EC7E-41FD-9659-EE1A8C5601AB}.Release|x64.Build.0 = Release|x64
		{44C7E5FE-EC7E-41FD-9659-EE1A8C5601AB}.Release|x86.ActiveCfg = Release|Win32
		{44C7E5FE-EC7E-41FD-9659-EE1A8C5601AB}.Release|x86.Build.0 = Release|Win32
		{D7473EEA-3341-4134-8F92-E53AA8503F34}.Debug|x64.ActiveCfg = Debug|x64
		{D7473EEA-3341-4134-8F92-E53AA8503F34}.Debug|x64.Build.0 = Debug|x64
		{D7473EEA-3341-4134-8F92-E53AA8503F34}.Debug|x86.ActiveCfg = Debug|Win32
		{D7473EEA-3341-4134-8F92-E53AA8503F34}.Debug|x86.Build.0 = Debug|Win32
		{D7473EEA-3341-4134-8F92-E53AA8503F34}.Release|x64.ActiveCfg = Release|x64
		{D7473EEA-3341-4134-8F92-E53AA8503F34}.Release|x64.Build.0 = Release|x64
		{D7473EEA-3341-4134-8F92-E53AA8503F34}.Release|x86.ActiveCfg = Release|Win32
		{D7473EEA-3341-4134-8F92-E53AA8503F34}.Release|x86.Build.0 = Release|Win32
		{A8370756-D7C7-409E-922E-64DB64E35AE9}.Debug|x64.ActiveCfg = Debug|x64
		{A8370756-D7C7-409E-922E-64DB64E35AE9}.Debug|x64.Build.0 = Debug|x64
		{A8370756-D7C7-409E-922E-64DB64E35AE9}.Debug|x86.ActiveCfg = Debug|Win32
		{A8370756-D7C7-409E-922E-64DB64E35AE9}.Debug|x86.Build.0 = Debug|Win32
		{A8370756-D7C7-409E-922E-64DB64E35AE9}.Release|x64.ActiveCfg = Release|x64
		{A8370756-D7C7-409E-922E-64DB64E35AE9}.Release|x64.Build.0 = Release|x64
		{A8370756-D7C7-409E-922E-64DB64E35AE9}.Release|x86.ActiveCfg = Release|Win32
		{A8370756-D7C7-409E-922E-64DB64E35AE9}.Release|x86.Build.0 = Release|Win32
	EndGlobalSection
	GlobalSection(SolutionProperties) = preSolution
		HideSolutionNode = FALSE
	EndGlobalSection
	GlobalSection(ExtensibilityGlobals) = postSolution
		SolutionGuid = {E5084C21-1EDB-4E8C-AD64-82ADECFE369C}
	EndGlobalSection
EndGlobal
